// !$*UTF8*$!
{
	archiveVersion = 1;
	classes = {
	};
	objectVersion = 56;
	objects = {

/* Begin PBXBuildFile section */
		15443AA9D391A41505E0C1EB /* Pods_M17HomeworkTests.framework in Frameworks */ = {isa = PBXBuildFile; fileRef = DF000826A68DE366991EC96B /* Pods_M17HomeworkTests.framework */; };
		245924F0BB48E4052513BAA9 /* Pods_M17Homework.framework in Frameworks */ = {isa = PBXBuildFile; fileRef = 4FC438835F5094C6FC5F59DD /* Pods_M17Homework.framework */; };
		9C444F42293D06630070E57A /* AppDelegate.swift in Sources */ = {isa = PBXBuildFile; fileRef = 9C444F41293D06630070E57A /* AppDelegate.swift */; };
		9C444F44293D06630070E57A /* SceneDelegate.swift in Sources */ = {isa = PBXBuildFile; fileRef = 9C444F43293D06630070E57A /* SceneDelegate.swift */; };
		9C444F46293D06630070E57A /* ViewController.swift in Sources */ = {isa = PBXBuildFile; fileRef = 9C444F45293D06630070E57A /* ViewController.swift */; };
		9C444F49293D06630070E57A /* Main.storyboard in Resources */ = {isa = PBXBuildFile; fileRef = 9C444F47293D06630070E57A /* Main.storyboard */; };
		9C444F4B293D06650070E57A /* Assets.xcassets in Resources */ = {isa = PBXBuildFile; fileRef = 9C444F4A293D06650070E57A /* Assets.xcassets */; };
		9C444F4E293D06650070E57A /* LaunchScreen.storyboard in Resources */ = {isa = PBXBuildFile; fileRef = 9C444F4C293D06650070E57A /* LaunchScreen.storyboard */; };
		9C444F59293D06660070E57A /* M17HomeworkTests.swift in Sources */ = {isa = PBXBuildFile; fileRef = 9C444F58293D06660070E57A /* M17HomeworkTests.swift */; };
		9C444F63293D06660070E57A /* M17HomeworkUITests.swift in Sources */ = {isa = PBXBuildFile; fileRef = 9C444F62293D06660070E57A /* M17HomeworkUITests.swift */; };
		9C444F65293D06660070E57A /* M17HomeworkUITestsLaunchTests.swift in Sources */ = {isa = PBXBuildFile; fileRef = 9C444F64293D06660070E57A /* M17HomeworkUITestsLaunchTests.swift */; };
		9CA94B3D296AE92C00CF79E0 /* Service.swift in Sources */ = {isa = PBXBuildFile; fileRef = 9CA94B3C296AE92C00CF79E0 /* Service.swift */; };
		B7B82389001805261F8AF22F /* Pods_M17Homework_M17HomeworkUITests.framework in Frameworks */ = {isa = PBXBuildFile; fileRef = 2E06E55AA64F1CCD09B2DD40 /* Pods_M17Homework_M17HomeworkUITests.framework */; };
/* End PBXBuildFile section */

/* Begin PBXContainerItemProxy section */
		9C444F55293D06660070E57A /* PBXContainerItemProxy */ = {
			isa = PBXContainerItemProxy;
			containerPortal = 9C444F36293D06630070E57A /* Project object */;
			proxyType = 1;
			remoteGlobalIDString = 9C444F3D293D06630070E57A;
			remoteInfo = M17Homework;
		};
		9C444F5F293D06660070E57A /* PBXContainerItemProxy */ = {
			isa = PBXContainerItemProxy;
			containerPortal = 9C444F36293D06630070E57A /* Project object */;
			proxyType = 1;
			remoteGlobalIDString = 9C444F3D293D06630070E57A;
			remoteInfo = M17Homework;
		};
/* End PBXContainerItemProxy section */

/* Begin PBXFileReference section */
		04BD9EB76618E1777BA6A260 /* Pods-M17Homework.release.xcconfig */ = {isa = PBXFileReference; includeInIndex = 1; lastKnownFileType = text.xcconfig; name = "Pods-M17Homework.release.xcconfig"; path = "Target Support Files/Pods-M17Homework/Pods-M17Homework.release.xcconfig"; sourceTree = "<group>"; };
		054C6C4A5FB5D3B481D5C1B2 /* Pods-M17Homework.debug.xcconfig */ = {isa = PBXFileReference; includeInIndex = 1; lastKnownFileType = text.xcconfig; name = "Pods-M17Homework.debug.xcconfig"; path = "Target Support Files/Pods-M17Homework/Pods-M17Homework.debug.xcconfig"; sourceTree = "<group>"; };
		1C439378728E0239BAC97EAC /* Pods-M17HomeworkTests.debug.xcconfig */ = {isa = PBXFileReference; includeInIndex = 1; lastKnownFileType = text.xcconfig; name = "Pods-M17HomeworkTests.debug.xcconfig"; path = "Target Support Files/Pods-M17HomeworkTests/Pods-M17HomeworkTests.debug.xcconfig"; sourceTree = "<group>"; };
		2E06E55AA64F1CCD09B2DD40 /* Pods_M17Homework_M17HomeworkUITests.framework */ = {isa = PBXFileReference; explicitFileType = wrapper.framework; includeInIndex = 0; path = Pods_M17Homework_M17HomeworkUITests.framework; sourceTree = BUILT_PRODUCTS_DIR; };
		4A56BA444F09B99A20694486 /* Pods-M17HomeworkTests.release.xcconfig */ = {isa = PBXFileReference; includeInIndex = 1; lastKnownFileType = text.xcconfig; name = "Pods-M17HomeworkTests.release.xcconfig"; path = "Target Support Files/Pods-M17HomeworkTests/Pods-M17HomeworkTests.release.xcconfig"; sourceTree = "<group>"; };
		4FC438835F5094C6FC5F59DD /* Pods_M17Homework.framework */ = {isa = PBXFileReference; explicitFileType = wrapper.framework; includeInIndex = 0; path = Pods_M17Homework.framework; sourceTree = BUILT_PRODUCTS_DIR; };
		585F2672780044B388C20AF4 /* Pods-M17Homework-M17HomeworkUITests.debug.xcconfig */ = {isa = PBXFileReference; includeInIndex = 1; lastKnownFileType = text.xcconfig; name = "Pods-M17Homework-M17HomeworkUITests.debug.xcconfig"; path = "Target Support Files/Pods-M17Homework-M17HomeworkUITests/Pods-M17Homework-M17HomeworkUITests.debug.xcconfig"; sourceTree = "<group>"; };
		9C444F3E293D06630070E57A /* M17Homework.app */ = {isa = PBXFileReference; explicitFileType = wrapper.application; includeInIndex = 0; path = M17Homework.app; sourceTree = BUILT_PRODUCTS_DIR; };
		9C444F41293D06630070E57A /* AppDelegate.swift */ = {isa = PBXFileReference; lastKnownFileType = sourcecode.swift; path = AppDelegate.swift; sourceTree = "<group>"; };
		9C444F43293D06630070E57A /* SceneDelegate.swift */ = {isa = PBXFileReference; lastKnownFileType = sourcecode.swift; path = SceneDelegate.swift; sourceTree = "<group>"; };
		9C444F45293D06630070E57A /* ViewController.swift */ = {isa = PBXFileReference; lastKnownFileType = sourcecode.swift; path = ViewController.swift; sourceTree = "<group>"; };
		9C444F48293D06630070E57A /* Base */ = {isa = PBXFileReference; lastKnownFileType = file.storyboard; name = Base; path = Base.lproj/Main.storyboard; sourceTree = "<group>"; };
		9C444F4A293D06650070E57A /* Assets.xcassets */ = {isa = PBXFileReference; lastKnownFileType = folder.assetcatalog; path = Assets.xcassets; sourceTree = "<group>"; };
		9C444F4D293D06650070E57A /* Base */ = {isa = PBXFileReference; lastKnownFileType = file.storyboard; name = Base; path = Base.lproj/LaunchScreen.storyboard; sourceTree = "<group>"; };
		9C444F4F293D06650070E57A /* Info.plist */ = {isa = PBXFileReference; lastKnownFileType = text.plist.xml; path = Info.plist; sourceTree = "<group>"; };
		9C444F54293D06660070E57A /* M17HomeworkTests.xctest */ = {isa = PBXFileReference; explicitFileType = wrapper.cfbundle; includeInIndex = 0; path = M17HomeworkTests.xctest; sourceTree = BUILT_PRODUCTS_DIR; };
		9C444F58293D06660070E57A /* M17HomeworkTests.swift */ = {isa = PBXFileReference; lastKnownFileType = sourcecode.swift; path = M17HomeworkTests.swift; sourceTree = "<group>"; };
		9C444F5E293D06660070E57A /* M17HomeworkUITests.xctest */ = {isa = PBXFileReference; explicitFileType = wrapper.cfbundle; includeInIndex = 0; path = M17HomeworkUITests.xctest; sourceTree = BUILT_PRODUCTS_DIR; };
		9C444F62293D06660070E57A /* M17HomeworkUITests.swift */ = {isa = PBXFileReference; lastKnownFileType = sourcecode.swift; path = M17HomeworkUITests.swift; sourceTree = "<group>"; };
		9C444F64293D06660070E57A /* M17HomeworkUITestsLaunchTests.swift */ = {isa = PBXFileReference; lastKnownFileType = sourcecode.swift; path = M17HomeworkUITestsLaunchTests.swift; sourceTree = "<group>"; };
		9CA94B3C296AE92C00CF79E0 /* Service.swift */ = {isa = PBXFileReference; lastKnownFileType = sourcecode.swift; path = Service.swift; sourceTree = "<group>"; };
		C6C6479B2326B511DC3EE36E /* Pods-M17Homework-M17HomeworkUITests.release.xcconfig */ = {isa = PBXFileReference; includeInIndex = 1; lastKnownFileType = text.xcconfig; name = "Pods-M17Homework-M17HomeworkUITests.release.xcconfig"; path = "Target Support Files/Pods-M17Homework-M17HomeworkUITests/Pods-M17Homework-M17HomeworkUITests.release.xcconfig"; sourceTree = "<group>"; };
		DF000826A68DE366991EC96B /* Pods_M17HomeworkTests.framework */ = {isa = PBXFileReference; explicitFileType = wrapper.framework; includeInIndex = 0; path = Pods_M17HomeworkTests.framework; sourceTree = BUILT_PRODUCTS_DIR; };
/* End PBXFileReference section */

/* Begin PBXFrameworksBuildPhase section */
		9C444F3B293D06630070E57A /* Frameworks */ = {
			isa = PBXFrameworksBuildPhase;
			buildActionMask = 2147483647;
			files = (
				245924F0BB48E4052513BAA9 /* Pods_M17Homework.framework in Frameworks */,
			);
			runOnlyForDeploymentPostprocessing = 0;
		};
		9C444F51293D06660070E57A /* Frameworks */ = {
			isa = PBXFrameworksBuildPhase;
			buildActionMask = 2147483647;
			files = (
				15443AA9D391A41505E0C1EB /* Pods_M17HomeworkTests.framework in Frameworks */,
			);
			runOnlyForDeploymentPostprocessing = 0;
		};
		9C444F5B293D06660070E57A /* Frameworks */ = {
			isa = PBXFrameworksBuildPhase;
			buildActionMask = 2147483647;
			files = (
				B7B82389001805261F8AF22F /* Pods_M17Homework_M17HomeworkUITests.framework in Frameworks */,
			);
			runOnlyForDeploymentPostprocessing = 0;
		};
/* End PBXFrameworksBuildPhase section */

/* Begin PBXGroup section */
		9C444F35293D06630070E57A = {
			isa = PBXGroup;
			children = (
				9C444F40293D06630070E57A /* M17Homework */,
				9C444F57293D06660070E57A /* M17HomeworkTests */,
				9C444F61293D06660070E57A /* M17HomeworkUITests */,
				9C444F3F293D06630070E57A /* Products */,
				FF8D094BC1C6BA3FC3F5F0AB /* Pods */,
				CD41DF78258B19E37AC4114D /* Frameworks */,
			);
			sourceTree = "<group>";
		};
		9C444F3F293D06630070E57A /* Products */ = {
			isa = PBXGroup;
			children = (
				9C444F3E293D06630070E57A /* M17Homework.app */,
				9C444F54293D06660070E57A /* M17HomeworkTests.xctest */,
				9C444F5E293D06660070E57A /* M17HomeworkUITests.xctest */,
			);
			name = Products;
			sourceTree = "<group>";
		};
		9C444F40293D06630070E57A /* M17Homework */ = {
			isa = PBXGroup;
			children = (
				9C444F41293D06630070E57A /* AppDelegate.swift */,
				9C444F43293D06630070E57A /* SceneDelegate.swift */,
				9C444F45293D06630070E57A /* ViewController.swift */,
				9C444F47293D06630070E57A /* Main.storyboard */,
				9C444F4A293D06650070E57A /* Assets.xcassets */,
				9C444F4C293D06650070E57A /* LaunchScreen.storyboard */,
				9C444F4F293D06650070E57A /* Info.plist */,
				9CA94B3C296AE92C00CF79E0 /* Service.swift */,
			);
			path = M17Homework;
			sourceTree = "<group>";
		};
		9C444F57293D06660070E57A /* M17HomeworkTests */ = {
			isa = PBXGroup;
			children = (
				9C444F58293D06660070E57A /* M17HomeworkTests.swift */,
			);
			path = M17HomeworkTests;
			sourceTree = "<group>";
		};
		9C444F61293D06660070E57A /* M17HomeworkUITests */ = {
			isa = PBXGroup;
			children = (
				9C444F62293D06660070E57A /* M17HomeworkUITests.swift */,
				9C444F64293D06660070E57A /* M17HomeworkUITestsLaunchTests.swift */,
			);
			path = M17HomeworkUITests;
			sourceTree = "<group>";
		};
		CD41DF78258B19E37AC4114D /* Frameworks */ = {
			isa = PBXGroup;
			children = (
				4FC438835F5094C6FC5F59DD /* Pods_M17Homework.framework */,
				2E06E55AA64F1CCD09B2DD40 /* Pods_M17Homework_M17HomeworkUITests.framework */,
				DF000826A68DE366991EC96B /* Pods_M17HomeworkTests.framework */,
			);
			name = Frameworks;
			sourceTree = "<group>";
		};
		FF8D094BC1C6BA3FC3F5F0AB /* Pods */ = {
			isa = PBXGroup;
			children = (
				054C6C4A5FB5D3B481D5C1B2 /* Pods-M17Homework.debug.xcconfig */,
				04BD9EB76618E1777BA6A260 /* Pods-M17Homework.release.xcconfig */,
				585F2672780044B388C20AF4 /* Pods-M17Homework-M17HomeworkUITests.debug.xcconfig */,
				C6C6479B2326B511DC3EE36E /* Pods-M17Homework-M17HomeworkUITests.release.xcconfig */,
				1C439378728E0239BAC97EAC /* Pods-M17HomeworkTests.debug.xcconfig */,
				4A56BA444F09B99A20694486 /* Pods-M17HomeworkTests.release.xcconfig */,
			);
			path = Pods;
			sourceTree = "<group>";
		};
/* End PBXGroup section */

/* Begin PBXNativeTarget section */
		9C444F3D293D06630070E57A /* M17Homework */ = {
			isa = PBXNativeTarget;
			buildConfigurationList = 9C444F68293D06660070E57A /* Build configuration list for PBXNativeTarget "M17Homework" */;
			buildPhases = (
				35F08C0AE4D96E2748266CC7 /* [CP] Check Pods Manifest.lock */,
				9C444F3A293D06630070E57A /* Sources */,
				9C444F3B293D06630070E57A /* Frameworks */,
				9C444F3C293D06630070E57A /* Resources */,
				94E97F5645FF64B378587878 /* [CP] Embed Pods Frameworks */,
			);
			buildRules = (
			);
			dependencies = (
			);
			name = M17Homework;
			productName = M17Homework;
			productReference = 9C444F3E293D06630070E57A /* M17Homework.app */;
			productType = "com.apple.product-type.application";
		};
		9C444F53293D06660070E57A /* M17HomeworkTests */ = {
			isa = PBXNativeTarget;
			buildConfigurationList = 9C444F6B293D06660070E57A /* Build configuration list for PBXNativeTarget "M17HomeworkTests" */;
			buildPhases = (
				7324FA30E82D891FBF1F659B /* [CP] Check Pods Manifest.lock */,
				9C444F50293D06660070E57A /* Sources */,
				9C444F51293D06660070E57A /* Frameworks */,
				9C444F52293D06660070E57A /* Resources */,
			);
			buildRules = (
			);
			dependencies = (
				9C444F56293D06660070E57A /* PBXTargetDependency */,
			);
			name = M17HomeworkTests;
			productName = M17HomeworkTests;
			productReference = 9C444F54293D06660070E57A /* M17HomeworkTests.xctest */;
			productType = "com.apple.product-type.bundle.unit-test";
		};
		9C444F5D293D06660070E57A /* M17HomeworkUITests */ = {
			isa = PBXNativeTarget;
			buildConfigurationList = 9C444F6E293D06660070E57A /* Build configuration list for PBXNativeTarget "M17HomeworkUITests" */;
			buildPhases = (
				B9275A1BC41B84513A6FEF08 /* [CP] Check Pods Manifest.lock */,
				9C444F5A293D06660070E57A /* Sources */,
				9C444F5B293D06660070E57A /* Frameworks */,
				9C444F5C293D06660070E57A /* Resources */,
				DE0F3643E46A75350A3C2908 /* [CP] Embed Pods Frameworks */,
			);
			buildRules = (
			);
			dependencies = (
				9C444F60293D06660070E57A /* PBXTargetDependency */,
			);
			name = M17HomeworkUITests;
			productName = M17HomeworkUITests;
			productReference = 9C444F5E293D06660070E57A /* M17HomeworkUITests.xctest */;
			productType = "com.apple.product-type.bundle.ui-testing";
		};
/* End PBXNativeTarget section */

/* Begin PBXProject section */
		9C444F36293D06630070E57A /* Project object */ = {
			isa = PBXProject;
			attributes = {
				BuildIndependentTargetsInParallel = 1;
				LastSwiftUpdateCheck = 1410;
				LastUpgradeCheck = 1410;
				TargetAttributes = {
					9C444F3D293D06630070E57A = {
						CreatedOnToolsVersion = 14.1;
					};
					9C444F53293D06660070E57A = {
						CreatedOnToolsVersion = 14.1;
						TestTargetID = 9C444F3D293D06630070E57A;
					};
					9C444F5D293D06660070E57A = {
						CreatedOnToolsVersion = 14.1;
						TestTargetID = 9C444F3D293D06630070E57A;
					};
				};
			};
			buildConfigurationList = 9C444F39293D06630070E57A /* Build configuration list for PBXProject "M17Homework" */;
			compatibilityVersion = "Xcode 14.0";
			developmentRegion = en;
			hasScannedForEncodings = 0;
			knownRegions = (
				en,
				Base,
			);
			mainGroup = 9C444F35293D06630070E57A;
			productRefGroup = 9C444F3F293D06630070E57A /* Products */;
			projectDirPath = "";
			projectRoot = "";
			targets = (
				9C444F3D293D06630070E57A /* M17Homework */,
				9C444F53293D06660070E57A /* M17HomeworkTests */,
				9C444F5D293D06660070E57A /* M17HomeworkUITests */,
			);
		};
/* End PBXProject section */

/* Begin PBXResourcesBuildPhase section */
		9C444F3C293D06630070E57A /* Resources */ = {
			isa = PBXResourcesBuildPhase;
			buildActionMask = 2147483647;
			files = (
				9C444F4E293D06650070E57A /* LaunchScreen.storyboard in Resources */,
				9C444F4B293D06650070E57A /* Assets.xcassets in Resources */,
				9C444F49293D06630070E57A /* Main.storyboard in Resources */,
			);
			runOnlyForDeploymentPostprocessing = 0;
		};
		9C444F52293D06660070E57A /* Resources */ = {
			isa = PBXResourcesBuildPhase;
			buildActionMask = 2147483647;
			files = (
			);
			runOnlyForDeploymentPostprocessing = 0;
		};
		9C444F5C293D06660070E57A /* Resources */ = {
			isa = PBXResourcesBuildPhase;
			buildActionMask = 2147483647;
			files = (
			);
			runOnlyForDeploymentPostprocessing = 0;
		};
/* End PBXResourcesBuildPhase section */

/* Begin PBXShellScriptBuildPhase section */
		35F08C0AE4D96E2748266CC7 /* [CP] Check Pods Manifest.lock */ = {
			isa = PBXShellScriptBuildPhase;
			buildActionMask = 2147483647;
			files = (
			);
			inputFileListPaths = (
			);
			inputPaths = (
				"${PODS_PODFILE_DIR_PATH}/Podfile.lock",
				"${PODS_ROOT}/Manifest.lock",
			);
			name = "[CP] Check Pods Manifest.lock";
			outputFileListPaths = (
			);
			outputPaths = (
				"$(DERIVED_FILE_DIR)/Pods-M17Homework-checkManifestLockResult.txt",
			);
			runOnlyForDeploymentPostprocessing = 0;
			shellPath = /bin/sh;
			shellScript = "diff \"${PODS_PODFILE_DIR_PATH}/Podfile.lock\" \"${PODS_ROOT}/Manifest.lock\" > /dev/null\nif [ $? != 0 ] ; then\n    # print error to STDERR\n    echo \"error: The sandbox is not in sync with the Podfile.lock. Run 'pod install' or update your CocoaPods installation.\" >&2\n    exit 1\nfi\n# This output is used by Xcode 'outputs' to avoid re-running this script phase.\necho \"SUCCESS\" > \"${SCRIPT_OUTPUT_FILE_0}\"\n";
			showEnvVarsInLog = 0;
		};
		7324FA30E82D891FBF1F659B /* [CP] Check Pods Manifest.lock */ = {
			isa = PBXShellScriptBuildPhase;
			buildActionMask = 2147483647;
			files = (
			);
			inputFileListPaths = (
			);
			inputPaths = (
				"${PODS_PODFILE_DIR_PATH}/Podfile.lock",
				"${PODS_ROOT}/Manifest.lock",
			);
			name = "[CP] Check Pods Manifest.lock";
			outputFileListPaths = (
			);
			outputPaths = (
				"$(DERIVED_FILE_DIR)/Pods-M17HomeworkTests-checkManifestLockResult.txt",
			);
			runOnlyForDeploymentPostprocessing = 0;
			shellPath = /bin/sh;
			shellScript = "diff \"${PODS_PODFILE_DIR_PATH}/Podfile.lock\" \"${PODS_ROOT}/Manifest.lock\" > /dev/null\nif [ $? != 0 ] ; then\n    # print error to STDERR\n    echo \"error: The sandbox is not in sync with the Podfile.lock. Run 'pod install' or update your CocoaPods installation.\" >&2\n    exit 1\nfi\n# This output is used by Xcode 'outputs' to avoid re-running this script phase.\necho \"SUCCESS\" > \"${SCRIPT_OUTPUT_FILE_0}\"\n";
			showEnvVarsInLog = 0;
		};
		94E97F5645FF64B378587878 /* [CP] Embed Pods Frameworks */ = {
			isa = PBXShellScriptBuildPhase;
			buildActionMask = 2147483647;
			files = (
			);
			inputFileListPaths = (
				"${PODS_ROOT}/Target Support Files/Pods-M17Homework/Pods-M17Homework-frameworks-${CONFIGURATION}-input-files.xcfilelist",
			);
			name = "[CP] Embed Pods Frameworks";
			outputFileListPaths = (
				"${PODS_ROOT}/Target Support Files/Pods-M17Homework/Pods-M17Homework-frameworks-${CONFIGURATION}-output-files.xcfilelist",
			);
			runOnlyForDeploymentPostprocessing = 0;
			shellPath = /bin/sh;
			shellScript = "\"${PODS_ROOT}/Target Support Files/Pods-M17Homework/Pods-M17Homework-frameworks.sh\"\n";
			showEnvVarsInLog = 0;
		};
		B9275A1BC41B84513A6FEF08 /* [CP] Check Pods Manifest.lock */ = {
			isa = PBXShellScriptBuildPhase;
			buildActionMask = 2147483647;
			files = (
			);
			inputFileListPaths = (
			);
			inputPaths = (
				"${PODS_PODFILE_DIR_PATH}/Podfile.lock",
				"${PODS_ROOT}/Manifest.lock",
			);
			name = "[CP] Check Pods Manifest.lock";
			outputFileListPaths = (
			);
			outputPaths = (
				"$(DERIVED_FILE_DIR)/Pods-M17Homework-M17HomeworkUITests-checkManifestLockResult.txt",
			);
			runOnlyForDeploymentPostprocessing = 0;
			shellPath = /bin/sh;
			shellScript = "diff \"${PODS_PODFILE_DIR_PATH}/Podfile.lock\" \"${PODS_ROOT}/Manifest.lock\" > /dev/null\nif [ $? != 0 ] ; then\n    # print error to STDERR\n    echo \"error: The sandbox is not in sync with the Podfile.lock. Run 'pod install' or update your CocoaPods installation.\" >&2\n    exit 1\nfi\n# This output is used by Xcode 'outputs' to avoid re-running this script phase.\necho \"SUCCESS\" > \"${SCRIPT_OUTPUT_FILE_0}\"\n";
			showEnvVarsInLog = 0;
		};
		DE0F3643E46A75350A3C2908 /* [CP] Embed Pods Frameworks */ = {
			isa = PBXShellScriptBuildPhase;
			buildActionMask = 2147483647;
			files = (
			);
			inputFileListPaths = (
				"${PODS_ROOT}/Target Support Files/Pods-M17Homework-M17HomeworkUITests/Pods-M17Homework-M17HomeworkUITests-frameworks-${CONFIGURATION}-input-files.xcfilelist",
			);
			name = "[CP] Embed Pods Frameworks";
			outputFileListPaths = (
				"${PODS_ROOT}/Target Support Files/Pods-M17Homework-M17HomeworkUITests/Pods-M17Homework-M17HomeworkUITests-frameworks-${CONFIGURATION}-output-files.xcfilelist",
			);
			runOnlyForDeploymentPostprocessing = 0;
			shellPath = /bin/sh;
			shellScript = "\"${PODS_ROOT}/Target Support Files/Pods-M17Homework-M17HomeworkUITests/Pods-M17Homework-M17HomeworkUITests-frameworks.sh\"\n";
			showEnvVarsInLog = 0;
		};
/* End PBXShellScriptBuildPhase section */

/* Begin PBXSourcesBuildPhase section */
		9C444F3A293D06630070E57A /* Sources */ = {
			isa = PBXSourcesBuildPhase;
			buildActionMask = 2147483647;
			files = (
				9C444F46293D06630070E57A /* ViewController.swift in Sources */,
				9CA94B3D296AE92C00CF79E0 /* Service.swift in Sources */,
				9C444F42293D06630070E57A /* AppDelegate.swift in Sources */,
				9C444F44293D06630070E57A /* SceneDelegate.swift in Sources */,
			);
			runOnlyForDeploymentPostprocessing = 0;
		};
		9C444F50293D06660070E57A /* Sources */ = {
			isa = PBXSourcesBuildPhase;
			buildActionMask = 2147483647;
			files = (
				9C444F59293D06660070E57A /* M17HomeworkTests.swift in Sources */,
			);
			runOnlyForDeploymentPostprocessing = 0;
		};
		9C444F5A293D06660070E57A /* Sources */ = {
			isa = PBXSourcesBuildPhase;
			buildActionMask = 2147483647;
			files = (
				9C444F65293D06660070E57A /* M17HomeworkUITestsLaunchTests.swift in Sources */,
				9C444F63293D06660070E57A /* M17HomeworkUITests.swift in Sources */,
			);
			runOnlyForDeploymentPostprocessing = 0;
		};
/* End PBXSourcesBuildPhase section */

/* Begin PBXTargetDependency section */
		9C444F56293D06660070E57A /* PBXTargetDependency */ = {
			isa = PBXTargetDependency;
			target = 9C444F3D293D06630070E57A /* M17Homework */;
			targetProxy = 9C444F55293D06660070E57A /* PBXContainerItemProxy */;
		};
		9C444F60293D06660070E57A /* PBXTargetDependency */ = {
			isa = PBXTargetDependency;
			target = 9C444F3D293D06630070E57A /* M17Homework */;
			targetProxy = 9C444F5F293D06660070E57A /* PBXContainerItemProxy */;
		};
/* End PBXTargetDependency section */

/* Begin PBXVariantGroup section */
		9C444F47293D06630070E57A /* Main.storyboard */ = {
			isa = PBXVariantGroup;
			children = (
				9C444F48293D06630070E57A /* Base */,
			);
			name = Main.storyboard;
			sourceTree = "<group>";
		};
		9C444F4C293D06650070E57A /* LaunchScreen.storyboard */ = {
			isa = PBXVariantGroup;
			children = (
				9C444F4D293D06650070E57A /* Base */,
			);
			name = LaunchScreen.storyboard;
			sourceTree = "<group>";
		};
/* End PBXVariantGroup section */

/* Begin XCBuildConfiguration section */
		9C444F66293D06660070E57A /* Debug */ = {
			isa = XCBuildConfiguration;
			buildSettings = {
				ALWAYS_SEARCH_USER_PATHS = NO;
				CLANG_ANALYZER_NONNULL = YES;
				CLANG_ANALYZER_NUMBER_OBJECT_CONVERSION = YES_AGGRESSIVE;
				CLANG_CXX_LANGUAGE_STANDARD = "gnu++20";
				CLANG_ENABLE_MODULES = YES;
				CLANG_ENABLE_OBJC_ARC = YES;
				CLANG_ENABLE_OBJC_WEAK = YES;
				CLANG_WARN_BLOCK_CAPTURE_AUTORELEASING = YES;
				CLANG_WARN_BOOL_CONVERSION = YES;
				CLANG_WARN_COMMA = YES;
				CLANG_WARN_CONSTANT_CONVERSION = YES;
				CLANG_WARN_DEPRECATED_OBJC_IMPLEMENTATIONS = YES;
				CLANG_WARN_DIRECT_OBJC_ISA_USAGE = YES_ERROR;
				CLANG_WARN_DOCUMENTATION_COMMENTS = YES;
				CLANG_WARN_EMPTY_BODY = YES;
				CLANG_WARN_ENUM_CONVERSION = YES;
				CLANG_WARN_INFINITE_RECURSION = YES;
				CLANG_WARN_INT_CONVERSION = YES;
				CLANG_WARN_NON_LITERAL_NULL_CONVERSION = YES;
				CLANG_WARN_OBJC_IMPLICIT_RETAIN_SELF = YES;
				CLANG_WARN_OBJC_LITERAL_CONVERSION = YES;
				CLANG_WARN_OBJC_ROOT_CLASS = YES_ERROR;
				CLANG_WARN_QUOTED_INCLUDE_IN_FRAMEWORK_HEADER = YES;
				CLANG_WARN_RANGE_LOOP_ANALYSIS = YES;
				CLANG_WARN_STRICT_PROTOTYPES = YES;
				CLANG_WARN_SUSPICIOUS_MOVE = YES;
				CLANG_WARN_UNGUARDED_AVAILABILITY = YES_AGGRESSIVE;
				CLANG_WARN_UNREACHABLE_CODE = YES;
				CLANG_WARN__DUPLICATE_METHOD_MATCH = YES;
				COPY_PHASE_STRIP = NO;
				DEBUG_INFORMATION_FORMAT = dwarf;
				ENABLE_STRICT_OBJC_MSGSEND = YES;
				ENABLE_TESTABILITY = YES;
				GCC_C_LANGUAGE_STANDARD = gnu11;
				GCC_DYNAMIC_NO_PIC = NO;
				GCC_NO_COMMON_BLOCKS = YES;
				GCC_OPTIMIZATION_LEVEL = 0;
				GCC_PREPROCESSOR_DEFINITIONS = (
					"DEBUG=1",
					"$(inherited)",
				);
				GCC_WARN_64_TO_32_BIT_CONVERSION = YES;
				GCC_WARN_ABOUT_RETURN_TYPE = YES_ERROR;
				GCC_WARN_UNDECLARED_SELECTOR = YES;
				GCC_WARN_UNINITIALIZED_AUTOS = YES_AGGRESSIVE;
				GCC_WARN_UNUSED_FUNCTION = YES;
				GCC_WARN_UNUSED_VARIABLE = YES;
				IPHONEOS_DEPLOYMENT_TARGET = 16.1;
				MTL_ENABLE_DEBUG_INFO = INCLUDE_SOURCE;
				MTL_FAST_MATH = YES;
				ONLY_ACTIVE_ARCH = YES;
				SDKROOT = iphoneos;
				SWIFT_ACTIVE_COMPILATION_CONDITIONS = DEBUG;
				SWIFT_OPTIMIZATION_LEVEL = "-Onone";
			};
			name = Debug;
		};
		9C444F67293D06660070E57A /* Release */ = {
			isa = XCBuildConfiguration;
			buildSettings = {
				ALWAYS_SEARCH_USER_PATHS = NO;
				CLANG_ANALYZER_NONNULL = YES;
				CLANG_ANALYZER_NUMBER_OBJECT_CONVERSION = YES_AGGRESSIVE;
				CLANG_CXX_LANGUAGE_STANDARD = "gnu++20";
				CLANG_ENABLE_MODULES = YES;
				CLANG_ENABLE_OBJC_ARC = YES;
				CLANG_ENABLE_OBJC_WEAK = YES;
				CLANG_WARN_BLOCK_CAPTURE_AUTORELEASING = YES;
				CLANG_WARN_BOOL_CONVERSION = YES;
				CLANG_WARN_COMMA = YES;
				CLANG_WARN_CONSTANT_CONVERSION = YES;
				CLANG_WARN_DEPRECATED_OBJC_IMPLEMENTATIONS = YES;
				CLANG_WARN_DIRECT_OBJC_ISA_USAGE = YES_ERROR;
				CLANG_WARN_DOCUMENTATION_COMMENTS = YES;
				CLANG_WARN_EMPTY_BODY = YES;
				CLANG_WARN_ENUM_CONVERSION = YES;
				CLANG_WARN_INFINITE_RECURSION = YES;
				CLANG_WARN_INT_CONVERSION = YES;
				CLANG_WARN_NON_LITERAL_NULL_CONVERSION = YES;
				CLANG_WARN_OBJC_IMPLICIT_RETAIN_SELF = YES;
				CLANG_WARN_OBJC_LITERAL_CONVERSION = YES;
				CLANG_WARN_OBJC_ROOT_CLASS = YES_ERROR;
				CLANG_WARN_QUOTED_INCLUDE_IN_FRAMEWORK_HEADER = YES;
				CLANG_WARN_RANGE_LOOP_ANALYSIS = YES;
				CLANG_WARN_STRICT_PROTOTYPES = YES;
				CLANG_WARN_SUSPICIOUS_MOVE = YES;
				CLANG_WARN_UNGUARDED_AVAILABILITY = YES_AGGRESSIVE;
				CLANG_WARN_UNREACHABLE_CODE = YES;
				CLANG_WARN__DUPLICATE_METHOD_MATCH = YES;
				COPY_PHASE_STRIP = NO;
				DEBUG_INFORMATION_FORMAT = "dwarf-with-dsym";
				ENABLE_NS_ASSERTIONS = NO;
				ENABLE_STRICT_OBJC_MSGSEND = YES;
				GCC_C_LANGUAGE_STANDARD = gnu11;
				GCC_NO_COMMON_BLOCKS = YES;
				GCC_WARN_64_TO_32_BIT_CONVERSION = YES;
				GCC_WARN_ABOUT_RETURN_TYPE = YES_ERROR;
				GCC_WARN_UNDECLARED_SELECTOR = YES;
				GCC_WARN_UNINITIALIZED_AUTOS = YES_AGGRESSIVE;
				GCC_WARN_UNUSED_FUNCTION = YES;
				GCC_WARN_UNUSED_VARIABLE = YES;
				IPHONEOS_DEPLOYMENT_TARGET = 16.1;
				MTL_ENABLE_DEBUG_INFO = NO;
				MTL_FAST_MATH = YES;
				SDKROOT = iphoneos;
				SWIFT_COMPILATION_MODE = wholemodule;
				SWIFT_OPTIMIZATION_LEVEL = "-O";
				VALIDATE_PRODUCT = YES;
			};
			name = Release;
		};
		9C444F69293D06660070E57A /* Debug */ = {
			isa = XCBuildConfiguration;
			baseConfigurationReference = 054C6C4A5FB5D3B481D5C1B2 /* Pods-M17Homework.debug.xcconfig */;
			buildSettings = {
				ASSETCATALOG_COMPILER_APPICON_NAME = AppIcon;
				ASSETCATALOG_COMPILER_GLOBAL_ACCENT_COLOR_NAME = AccentColor;
				CODE_SIGN_STYLE = Automatic;
				CURRENT_PROJECT_VERSION = 1;
				GENERATE_INFOPLIST_FILE = YES;
				INFOPLIST_FILE = M17Homework/Info.plist;
				INFOPLIST_KEY_UIApplicationSupportsIndirectInputEvents = YES;
				INFOPLIST_KEY_UILaunchStoryboardName = LaunchScreen;
				INFOPLIST_KEY_UIMainStoryboardFile = Main;
				INFOPLIST_KEY_UISupportedInterfaceOrientations_iPad = "UIInterfaceOrientationPortrait UIInterfaceOrientationPortraitUpsideDown UIInterfaceOrientationLandscapeLeft UIInterfaceOrientationLandscapeRight";
				INFOPLIST_KEY_UISupportedInterfaceOrientations_iPhone = "UIInterfaceOrientationPortrait UIInterfaceOrientationLandscapeLeft UIInterfaceOrientationLandscapeRight";
				LD_RUNPATH_SEARCH_PATHS = (
					"$(inherited)",
					"@executable_path/Frameworks",
				);
				MARKETING_VERSION = 1.0;
				PRODUCT_BUNDLE_IDENTIFIER = ugolnova.M17Homework;
				PRODUCT_NAME = "$(TARGET_NAME)";
				SWIFT_EMIT_LOC_STRINGS = YES;
				SWIFT_VERSION = 5.0;
				TARGETED_DEVICE_FAMILY = "1,2";
			};
			name = Debug;
		};
		9C444F6A293D06660070E57A /* Release */ = {
			isa = XCBuildConfiguration;
			baseConfigurationReference = 04BD9EB76618E1777BA6A260 /* Pods-M17Homework.release.xcconfig */;
			buildSettings = {
				ASSETCATALOG_COMPILER_APPICON_NAME = AppIcon;
				ASSETCATALOG_COMPILER_GLOBAL_ACCENT_COLOR_NAME = AccentColor;
				CODE_SIGN_STYLE = Automatic;
				CURRENT_PROJECT_VERSION = 1;
				GENERATE_INFOPLIST_FILE = YES;
				INFOPLIST_FILE = M17Homework/Info.plist;
				INFOPLIST_KEY_UIApplicationSupportsIndirectInputEvents = YES;
				INFOPLIST_KEY_UILaunchStoryboardName = LaunchScreen;
				INFOPLIST_KEY_UIMainStoryboardFile = Main;
				INFOPLIST_KEY_UISupportedInterfaceOrientations_iPad = "UIInterfaceOrientationPortrait UIInterfaceOrientationPortraitUpsideDown UIInterfaceOrientationLandscapeLeft UIInterfaceOrientationLandscapeRight";
				INFOPLIST_KEY_UISupportedInterfaceOrientations_iPhone = "UIInterfaceOrientationPortrait UIInterfaceOrientationLandscapeLeft UIInterfaceOrientationLandscapeRight";
				LD_RUNPATH_SEARCH_PATHS = (
					"$(inherited)",
					"@executable_path/Frameworks",
				);
				MARKETING_VERSION = 1.0;
				PRODUCT_BUNDLE_IDENTIFIER = ugolnova.M17Homework;
				PRODUCT_NAME = "$(TARGET_NAME)";
				SWIFT_EMIT_LOC_STRINGS = YES;
				SWIFT_VERSION = 5.0;
				TARGETED_DEVICE_FAMILY = "1,2";
			};
			name = Release;
		};
		9C444F6C293D06660070E57A /* Debug */ = {
			isa = XCBuildConfiguration;
			baseConfigurationReference = 1C439378728E0239BAC97EAC /* Pods-M17HomeworkTests.debug.xcconfig */;
			buildSettings = {
				ALWAYS_EMBED_SWIFT_STANDARD_LIBRARIES = YES;
				BUNDLE_LOADER = "$(TEST_HOST)";
				CODE_SIGN_STYLE = Automatic;
				CURRENT_PROJECT_VERSION = 1;
				GENERATE_INFOPLIST_FILE = YES;
				IPHONEOS_DEPLOYMENT_TARGET = 16.1;
				MARKETING_VERSION = 1.0;
				PRODUCT_BUNDLE_IDENTIFIER = ugolnova.M17HomeworkTests;
				PRODUCT_NAME = "$(TARGET_NAME)";
				SWIFT_EMIT_LOC_STRINGS = NO;
				SWIFT_VERSION = 5.0;
				TARGETED_DEVICE_FAMILY = "1,2";
				TEST_HOST = "$(BUILT_PRODUCTS_DIR)/M17Homework.app/$(BUNDLE_EXECUTABLE_FOLDER_PATH)/M17Homework";
			};
			name = Debug;
		};
		9C444F6D293D06660070E57A /* Release */ = {
			isa = XCBuildConfiguration;
			baseConfigurationReference = 4A56BA444F09B99A20694486 /* Pods-M17HomeworkTests.release.xcconfig */;
			buildSettings = {
				ALWAYS_EMBED_SWIFT_STANDARD_LIBRARIES = YES;
				BUNDLE_LOADER = "$(TEST_HOST)";
				CODE_SIGN_STYLE = Automatic;
				CURRENT_PROJECT_VERSION = 1;
				GENERATE_INFOPLIST_FILE = YES;
				IPHONEOS_DEPLOYMENT_TARGET = 16.1;
				MARKETING_VERSION = 1.0;
				PRODUCT_BUNDLE_IDENTIFIER = ugolnova.M17HomeworkTests;
				PRODUCT_NAME = "$(TARGET_NAME)";
				SWIFT_EMIT_LOC_STRINGS = NO;
				SWIFT_VERSION = 5.0;
				TARGETED_DEVICE_FAMILY = "1,2";
				TEST_HOST = "$(BUILT_PRODUCTS_DIR)/M17Homework.app/$(BUNDLE_EXECUTABLE_FOLDER_PATH)/M17Homework";
			};
			name = Release;
		};
		9C444F6F293D06660070E57A /* Debug */ = {
			isa = XCBuildConfiguration;
			baseConfigurationReference = 585F2672780044B388C20AF4 /* Pods-M17Homework-M17HomeworkUITests.debug.xcconfig */;
			buildSettings = {
				ALWAYS_EMBED_SWIFT_STANDARD_LIBRARIES = YES;
				CODE_SIGN_STYLE = Automatic;
				CURRENT_PROJECT_VERSION = 1;
				GENERATE_INFOPLIST_FILE = YES;
				MARKETING_VERSION = 1.0;
				PRODUCT_BUNDLE_IDENTIFIER = ugolnova.M17HomeworkUITests;
				PRODUCT_NAME = "$(TARGET_NAME)";
				SWIFT_EMIT_LOC_STRINGS = NO;
				SWIFT_VERSION = 5.0;
				TARGETED_DEVICE_FAMILY = "1,2";
				TEST_TARGET_NAME = M17Homework;
			};
			name = Debug;
		};
		9C444F70293D06660070E57A /* Release */ = {
			isa = XCBuildConfiguration;
			baseConfigurationReference = C6C6479B2326B511DC3EE36E /* Pods-M17Homework-M17HomeworkUITests.release.xcconfig */;
			buildSettings = {
				ALWAYS_EMBED_SWIFT_STANDARD_LIBRARIES = YES;
				CODE_SIGN_STYLE = Automatic;
				CURRENT_PROJECT_VERSION = 1;
				GENERATE_INFOPLIST_FILE = YES;
				MARKETING_VERSION = 1.0;
				PRODUCT_BUNDLE_IDENTIFIER = ugolnova.M17HomeworkUITests;
				PRODUCT_NAME = "$(TARGET_NAME)";
				SWIFT_EMIT_LOC_STRINGS = NO;
				SWIFT_VERSION = 5.0;
				TARGETED_DEVICE_FAMILY = "1,2";
				TEST_TARGET_NAME = M17Homework;
			};
			name = Release;
		};
/* End XCBuildConfiguration section */

/* Begin XCConfigurationList section */
		9C444F39293D06630070E57A /* Build configuration list for PBXProject "M17Homework" */ = {
			isa = XCConfigurationList;
			buildConfigurations = (
				9C444F66293D06660070E57A /* Debug */,
				9C444F67293D06660070E57A /* Release */,
			);
			defaultConfigurationIsVisible = 0;
			defaultConfigurationName = Release;
		};
		9C444F68293D06660070E57A /* Build configuration list for PBXNativeTarget "M17Homework" */ = {
			isa = XCConfigurationList;
			buildConfigurations = (
				9C444F69293D06660070E57A /* Debug */,
				9C444F6A293D06660070E57A /* Release */,
			);
			defaultConfigurationIsVisible = 0;
			defaultConfigurationName = Release;
		};
		9C444F6B293D06660070E57A /* Build configuration list for PBXNativeTarget "M17HomeworkTests" */ = {
			isa = XCConfigurationList;
			buildConfigurations = (
				9C444F6C293D06660070E57A /* Debug */,
				9C444F6D293D06660070E57A /* Release */,
			);
			defaultConfigurationIsVisible = 0;
			defaultConfigurationName = Release;
		};
		9C444F6E293D06660070E57A /* Build configuration list for PBXNativeTarget "M17HomeworkUITests" */ = {
			isa = XCConfigurationList;
			buildConfigurations = (
				9C444F6F293D06660070E57A /* Debug */,
				9C444F70293D06660070E57A /* Release */,
			);
			defaultConfigurationIsVisible = 0;
			defaultConfigurationName = Release;
		};
/* End XCConfigurationList section */
	};
	rootObject = 9C444F36293D06630070E57A /* Project object */;
}
